
Microsoft Visual Studio Solution File, Format Version 12.00
# Visual Studio 15
VisualStudioVersion = 15.0.28307.102
MinimumVisualStudioVersion = 10.0.40219.1
Project("{FAE04EC0-301F-11D3-BF4B-00C04F79EFBC}") = "Taximeter", "Taximeter\Taximeter.csproj", "{A8BA5026-E0E5-482A-855E-257F65A40C3B}"
EndProject
Global
	GlobalSection(SolutionConfigurationPlatforms) = preSolution
		Debug|Any CPU = Debug|Any CPU
		Release|Any CPU = Release|Any CPU
	EndGlobalSection
	GlobalSection(ProjectConfigurationPlatforms) = postSolution
		{A8BA5026-E0E5-482A-855E-257F65A40C3B}.Debug|Any CPU.ActiveCfg = Debug|Any CPU
		{A8BA5026-E0E5-482A-855E-257F65A40C3B}.Debug|Any CPU.Build.0 = Debug|Any CPU
		{A8BA5026-E0E5-482A-855E-257F65A40C3B}.Release|Any CPU.ActiveCfg = Release|Any CPU
		{A8BA5026-E0E5-482A-855E-257F65A40C3B}.Release|Any CPU.Build.0 = Release|Any CPU
	EndGlobalSection
	GlobalSection(SolutionProperties) = preSolution
		HideSolutionNode = FALSE
	EndGlobalSection
	GlobalSection(ExtensibilityGlobals) = postSolution
		SolutionGuid = {E3321590-CA4E-42E7-9A73-6CC192FF22BB}
	EndGlobalSection
EndGlobal
